// !$*UTF8*$!
{
	archiveVersion = 1;
	classes = {
	};
	objectVersion = 48;
	objects = {

/* Begin PBXBuildFile section */
		983D00201F6DF18E0058B911 /* AppDelegate.swift in Sources */ = {isa = PBXBuildFile; fileRef = 983D001F1F6DF18E0058B911 /* AppDelegate.swift */; };
		983D00221F6DF18E0058B911 /* ViewController.swift in Sources */ = {isa = PBXBuildFile; fileRef = 983D00211F6DF18E0058B911 /* ViewController.swift */; };
		983D00251F6DF18E0058B911 /* Main.storyboard in Resources */ = {isa = PBXBuildFile; fileRef = 983D00231F6DF18E0058B911 /* Main.storyboard */; };
		983D00271F6DF18E0058B911 /* Assets.xcassets in Resources */ = {isa = PBXBuildFile; fileRef = 983D00261F6DF18E0058B911 /* Assets.xcassets */; };
		983D002A1F6DF18E0058B911 /* LaunchScreen.storyboard in Resources */ = {isa = PBXBuildFile; fileRef = 983D00281F6DF18E0058B911 /* LaunchScreen.storyboard */; };
		983D00341F6DF4CE0058B911 /* SwitchStatus.swift in Sources */ = {isa = PBXBuildFile; fileRef = 983D00331F6DF4CE0058B911 /* SwitchStatus.swift */; };
		983D00361F6DF5010058B911 /* Togglable.swift in Sources */ = {isa = PBXBuildFile; fileRef = 983D00351F6DF5010058B911 /* Togglable.swift */; };
/* End PBXBuildFile section */

/* Begin PBXFileReference section */
		983D001C1F6DF18E0058B911 /* FlashLight.app */ = {isa = PBXFileReference; explicitFileType = wrapper.application; includeInIndex = 0; path = FlashLight.app; sourceTree = BUILT_PRODUCTS_DIR; };
		983D001F1F6DF18E0058B911 /* AppDelegate.swift */ = {isa = PBXFileReference; lastKnownFileType = sourcecode.swift; path = AppDelegate.swift; sourceTree = "<group>"; };
		983D00211F6DF18E0058B911 /* ViewController.swift */ = {isa = PBXFileReference; lastKnownFileType = sourcecode.swift; path = ViewController.swift; sourceTree = "<group>"; };
		983D00241F6DF18E0058B911 /* Base */ = {isa = PBXFileReference; lastKnownFileType = file.storyboard; name = Base; path = Base.lproj/Main.storyboard; sourceTree = "<group>"; };
		983D00261F6DF18E0058B911 /* Assets.xcassets */ = {isa = PBXFileReference; lastKnownFileType = folder.assetcatalog; path = Assets.xcassets; sourceTree = "<group>"; };
		983D00291F6DF18E0058B911 /* Base */ = {isa = PBXFileReference; lastKnownFileType = file.storyboard; name = Base; path = Base.lproj/LaunchScreen.storyboard; sourceTree = "<group>"; };
		983D002B1F6DF18E0058B911 /* Info.plist */ = {isa = PBXFileReference; lastKnownFileType = text.plist.xml; path = Info.plist; sourceTree = "<group>"; };
		983D00331F6DF4CE0058B911 /* SwitchStatus.swift */ = {isa = PBXFileReference; lastKnownFileType = sourcecode.swift; path = SwitchStatus.swift; sourceTree = "<group>"; };
		983D00351F6DF5010058B911 /* Togglable.swift */ = {isa = PBXFileReference; lastKnownFileType = sourcecode.swift; path = Togglable.swift; sourceTree = "<group>"; };
/* End PBXFileReference section */

/* Begin PBXFrameworksBuildPhase section */
		983D00191F6DF18E0058B911 /* Frameworks */ = {
			isa = PBXFrameworksBuildPhase;
			buildActionMask = 2147483647;
			files = (
			);
			runOnlyForDeploymentPostprocessing = 0;
		};
/* End PBXFrameworksBuildPhase section */

/* Begin PBXGroup section */
		983D00131F6DF18E0058B911 = {
			isa = PBXGroup;
			children = (
				983D001E1F6DF18E0058B911 /* FlashLight */,
				983D001D1F6DF18E0058B911 /* Products */,
			);
			sourceTree = "<group>";
		};
		983D001D1F6DF18E0058B911 /* Products */ = {
			isa = PBXGroup;
			children = (
				983D001C1F6DF18E0058B911 /* FlashLight.app */,
			);
			name = Products;
			sourceTree = "<group>";
		};
		983D001E1F6DF18E0058B911 /* FlashLight */ = {
			isa = PBXGroup;
			children = (
				983D00321F6DF4B10058B911 /* Protocols */,
				983D00311F6DF4AA0058B911 /* Enums */,
				983D001F1F6DF18E0058B911 /* AppDelegate.swift */,
				983D00211F6DF18E0058B911 /* ViewController.swift */,
				983D00231F6DF18E0058B911 /* Main.storyboard */,
				983D00261F6DF18E0058B911 /* Assets.xcassets */,
				983D00281F6DF18E0058B911 /* LaunchScreen.storyboard */,
				983D002B1F6DF18E0058B911 /* Info.plist */,
			);
			path = FlashLight;
			sourceTree = "<group>";
		};
		983D00311F6DF4AA0058B911 /* Enums */ = {
			isa = PBXGroup;
			children = (
				983D00331F6DF4CE0058B911 /* SwitchStatus.swift */,
			);
			path = Enums;
			sourceTree = "<group>";
		};
		983D00321F6DF4B10058B911 /* Protocols */ = {
			isa = PBXGroup;
			children = (
				983D00351F6DF5010058B911 /* Togglable.swift */,
			);
			path = Protocols;
			sourceTree = "<group>";
		};
/* End PBXGroup section */

/* Begin PBXNativeTarget section */
		983D001B1F6DF18E0058B911 /* FlashLight */ = {
			isa = PBXNativeTarget;
			buildConfigurationList = 983D002E1F6DF18E0058B911 /* Build configuration list for PBXNativeTarget "FlashLight" */;
			buildPhases = (
				983D00181F6DF18E0058B911 /* Sources */,
				983D00191F6DF18E0058B911 /* Frameworks */,
				983D001A1F6DF18E0058B911 /* Resources */,
			);
			buildRules = (
			);
			dependencies = (
			);
			name = FlashLight;
			productName = FlashLight;
			productReference = 983D001C1F6DF18E0058B911 /* FlashLight.app */;
			productType = "com.apple.product-type.application";
		};
/* End PBXNativeTarget section */

/* Begin PBXProject section */
		983D00141F6DF18E0058B911 /* Project object */ = {
			isa = PBXProject;
			attributes = {
				LastSwiftUpdateCheck = 0900;
				LastUpgradeCheck = 0900;
				ORGANIZATIONNAME = "Mihai Ruber";
				TargetAttributes = {
					983D001B1F6DF18E0058B911 = {
						CreatedOnToolsVersion = 9.0;
						ProvisioningStyle = Automatic;
					};
				};
			};
			buildConfigurationList = 983D00171F6DF18E0058B911 /* Build configuration list for PBXProject "FlashLight" */;
			compatibilityVersion = "Xcode 8.0";
			developmentRegion = en;
			hasScannedForEncodings = 0;
			knownRegions = (
				en,
				Base,
			);
			mainGroup = 983D00131F6DF18E0058B911;
			productRefGroup = 983D001D1F6DF18E0058B911 /* Products */;
			projectDirPath = "";
			projectRoot = "";
			targets = (
				983D001B1F6DF18E0058B911 /* FlashLight */,
			);
		};
/* End PBXProject section */

/* Begin PBXResourcesBuildPhase section */
		983D001A1F6DF18E0058B911 /* Resources */ = {
			isa = PBXResourcesBuildPhase;
			buildActionMask = 2147483647;
			files = (
				983D002A1F6DF18E0058B911 /* LaunchScreen.storyboard in Resources */,
				983D00271F6DF18E0058B911 /* Assets.xcassets in Resources */,
				983D00251F6DF18E0058B911 /* Main.storyboard in Resources */,
			);
			runOnlyForDeploymentPostprocessing = 0;
		};
/* End PBXResourcesBuildPhase section */

/* Begin PBXSourcesBuildPhase section */
		983D00181F6DF18E0058B911 /* Sources */ = {
			isa = PBXSourcesBuildPhase;
			buildActionMask = 2147483647;
			files = (
				983D00221F6DF18E0058B911 /* ViewController.swift in Sources */,
				983D00201F6DF18E0058B911 /* AppDelegate.swift in Sources */,
				983D00341F6DF4CE0058B911 /* SwitchStatus.swift in Sources */,
				983D00361F6DF5010058B911 /* Togglable.swift in Sources */,
			);
			runOnlyForDeploymentPostprocessing = 0;
		};
/* End PBXSourcesBuildPhase section */

/* Begin PBXVariantGroup section */
		983D00231F6DF18E0058B911 /* Main.storyboard */ = {
			isa = PBXVariantGroup;
			children = (
				983D00241F6DF18E0058B911 /* Base */,
			);
			name = Main.storyboard;
			sourceTree = "<group>";
		};
		983D00281F6DF18E0058B911 /* LaunchScreen.storyboard */ = {
			isa = PBXVariantGroup;
			children = (
				983D00291F6DF18E0058B911 /* Base */,
			);
			name = LaunchScreen.storyboard;
			sourceTree = "<group>";
		};
/* End PBXVariantGroup section */

/* Begin XCBuildConfiguration section */
		983D002C1F6DF18E0058B911 /* Debug */ = {
			isa = XCBuildConfiguration;
			buildSettings = {
				ALWAYS_SEARCH_USER_PATHS = NO;
				CLANG_ANALYZER_NONNULL = YES;
				CLANG_ANALYZER_NUMBER_OBJECT_CONVERSION = YES_AGGRESSIVE;
				CLANG_CXX_LANGUAGE_STANDARD = "gnu++14";
				CLANG_CXX_LIBRARY = "libc++";
				CLANG_ENABLE_MODULES = YES;
				CLANG_ENABLE_OBJC_ARC = YES;
				CLANG_WARN_BLOCK_CAPTURE_AUTORELEASING = YES;
				CLANG_WARN_BOOL_CONVERSION = YES;
				CLANG_WARN_COMMA = YES;
				CLANG_WARN_CONSTANT_CONVERSION = YES;
				CLANG_WARN_DIRECT_OBJC_ISA_USAGE = YES_ERROR;
				CLANG_WARN_DOCUMENTATION_COMMENTS = YES;
				CLANG_WARN_EMPTY_BODY = YES;
				CLANG_WARN_ENUM_CONVERSION = YES;
				CLANG_WARN_INFINITE_RECURSION = YES;
				CLANG_WARN_INT_CONVERSION = YES;
				CLANG_WARN_NON_LITERAL_NULL_CONVERSION = YES;
				CLANG_WARN_OBJC_LITERAL_CONVERSION = YES;
				CLANG_WARN_OBJC_ROOT_CLASS = YES_ERROR;
				CLANG_WARN_RANGE_LOOP_ANALYSIS = YES;
				CLANG_WARN_STRICT_PROTOTYPES = YES;
				CLANG_WARN_SUSPICIOUS_MOVE = YES;
				CLANG_WARN_UNGUARDED_AVAILABILITY = YES_AGGRESSIVE;
				CLANG_WARN_UNREACHABLE_CODE = YES;
				CLANG_WARN__DUPLICATE_METHOD_MATCH = YES;
				CODE_SIGN_IDENTITY = "iPhone Developer";
				COPY_PHASE_STRIP = NO;
				DEBUG_INFORMATION_FORMAT = dwarf;
				ENABLE_STRICT_OBJC_MSGSEND = YES;
				ENABLE_TESTABILITY = YES;
				GCC_C_LANGUAGE_STANDARD = gnu11;
				GCC_DYNAMIC_NO_PIC = NO;
				GCC_NO_COMMON_BLOCKS = YES;
				GCC_OPTIMIZATION_LEVEL = 0;
				GCC_PREPROCESSOR_DEFINITIONS = (
					"DEBUG=1",
					"$(inherited)",
				);
				GCC_WARN_64_TO_32_BIT_CONVERSION = YES;
				GCC_WARN_ABOUT_RETURN_TYPE = YES_ERROR;
				GCC_WARN_UNDECLARED_SELECTOR = YES;
				GCC_WARN_UNINITIALIZED_AUTOS = YES_AGGRESSIVE;
				GCC_WARN_UNUSED_FUNCTION = YES;
				GCC_WARN_UNUSED_VARIABLE = YES;
				IPHONEOS_DEPLOYMENT_TARGET = 11.0;
				MTL_ENABLE_DEBUG_INFO = YES;
				ONLY_ACTIVE_ARCH = YES;
				SDKROOT = iphoneos;
				SWIFT_ACTIVE_COMPILATION_CONDITIONS = DEBUG;
				SWIFT_OPTIMIZATION_LEVEL = "-Onone";
			};
			name = Debug;
		};
		983D002D1F6DF18E0058B911 /* Release */ = {
			isa = XCBuildConfiguration;
			buildSettings = {
				ALWAYS_SEARCH_USER_PATHS = NO;
				CLANG_ANALYZER_NONNULL = YES;
				CLANG_ANALYZER_NUMBER_OBJECT_CONVERSION = YES_AGGRESSIVE;
				CLANG_CXX_LANGUAGE_STANDARD = "gnu++14";
				CLANG_CXX_LIBRARY = "libc++";
				CLANG_ENABLE_MODULES = YES;
				CLANG_ENABLE_OBJC_ARC = YES;
				CLANG_WARN_BLOCK_CAPTURE_AUTORELEASING = YES;
				CLANG_WARN_BOOL_CONVERSION = YES;
				CLANG_WARN_COMMA = YES;
				CLANG_WARN_CONSTANT_CONVERSION = YES;
				CLANG_WARN_DIRECT_OBJC_ISA_USAGE = YES_ERROR;
				CLANG_WARN_DOCUMENTATION_COMMENTS = YES;
				CLANG_WARN_EMPTY_BODY = YES;
				CLANG_WARN_ENUM_CONVERSION = YES;
				CLANG_WARN_INFINITE_RECURSION = YES;
				CLANG_WARN_INT_CONVERSION = YES;
				CLANG_WARN_NON_LITERAL_NULL_CONVERSION = YES;
				CLANG_WARN_OBJC_LITERAL_CONVERSION = YES;
				CLANG_WARN_OBJC_ROOT_CLASS = YES_ERROR;
				CLANG_WARN_RANGE_LOOP_ANALYSIS = YES;
				CLANG_WARN_STRICT_PROTOTYPES = YES;
				CLANG_WARN_SUSPICIOUS_MOVE = YES;
				CLANG_WARN_UNGUARDED_AVAILABILITY = YES_AGGRESSIVE;
				CLANG_WARN_UNREACHABLE_CODE = YES;
				CLANG_WARN__DUPLICATE_METHOD_MATCH = YES;
				CODE_SIGN_IDENTITY = "iPhone Developer";
				COPY_PHASE_STRIP = NO;
				DEBUG_INFORMATION_FORMAT = "dwarf-with-dsym";
				ENABLE_NS_ASSERTIONS = NO;
				ENABLE_STRICT_OBJC_MSGSEND = YES;
				GCC_C_LANGUAGE_STANDARD = gnu11;
				GCC_NO_COMMON_BLOCKS = YES;
				GCC_WARN_64_TO_32_BIT_CONVERSION = YES;
				GCC_WARN_ABOUT_RETURN_TYPE = YES_ERROR;
				GCC_WARN_UNDECLARED_SELECTOR = YES;
				GCC_WARN_UNINITIALIZED_AUTOS = YES_AGGRESSIVE;
				GCC_WARN_UNUSED_FUNCTION = YES;
				GCC_WARN_UNUSED_VARIABLE = YES;
				IPHONEOS_DEPLOYMENT_TARGET = 11.0;
				MTL_ENABLE_DEBUG_INFO = NO;
				SDKROOT = iphoneos;
				SWIFT_OPTIMIZATION_LEVEL = "-Owholemodule";
				VALIDATE_PRODUCT = YES;
			};
			name = Release;
		};
		983D002F1F6DF18E0058B911 /* Debug */ = {
			isa = XCBuildConfiguration;
			buildSettings = {
				ASSETCATALOG_COMPILER_APPICON_NAME = AppIcon;
				CODE_SIGN_STYLE = Automatic;
				DEVELOPMENT_TEAM = DSX523G48J;
				INFOPLIST_FILE = FlashLight/Info.plist;
				LD_RUNPATH_SEARCH_PATHS = "$(inherited) @executable_path/Frameworks";
				PRODUCT_BUNDLE_IDENTIFIER = com.ruberapps.FlashLight;
				PRODUCT_NAME = "$(TARGET_NAME)";
				SWIFT_VERSION = 4.0;
				TARGETED_DEVICE_FAMILY = "1,2";
			};
			name = Debug;
		};
		983D00301F6DF18E0058B911 /* Release */ = {
			isa = XCBuildConfiguration;
			buildSettings = {
				ASSETCATALOG_COMPILER_APPICON_NAME = AppIcon;
				CODE_SIGN_STYLE = Automatic;
				DEVELOPMENT_TEAM = DSX523G48J;
				INFOPLIST_FILE = FlashLight/Info.plist;
				LD_RUNPATH_SEARCH_PATHS = "$(inherited) @executable_path/Frameworks";
				PRODUCT_BUNDLE_IDENTIFIER = com.ruberapps.FlashLight;
				PRODUCT_NAME = "$(TARGET_NAME)";
				SWIFT_VERSION = 4.0;
				TARGETED_DEVICE_FAMILY = "1,2";
			};
			name = Release;
		};
/* End XCBuildConfiguration section */

/* Begin XCConfigurationList section */
		983D00171F6DF18E0058B911 /* Build configuration list for PBXProject "FlashLight" */ = {
			isa = XCConfigurationList;
			buildConfigurations = (
				983D002C1F6DF18E0058B911 /* Debug */,
				983D002D1F6DF18E0058B911 /* Release */,
			);
			defaultConfigurationIsVisible = 0;
			defaultConfigurationName = Release;
		};
		983D002E1F6DF18E0058B911 /* Build configuration list for PBXNativeTarget "FlashLight" */ = {
			isa = XCConfigurationList;
			buildConfigurations = (
				983D002F1F6DF18E0058B911 /* Debug */,
				983D00301F6DF18E0058B911 /* Release */,
			);
			defaultConfigurationIsVisible = 0;
			defaultConfigurationName = Release;
		};
/* End XCConfigurationList section */
	};
	rootObject = 983D00141F6DF18E0058B911 /* Project object */;
}
